
Microsoft Visual Studio Solution File, Format Version 12.00
# Visual Studio 15
VisualStudioVersion = 15.0.28010.2041
MinimumVisualStudioVersion = 10.0.40219.1
Project("{9A19103F-16F7-4668-BE54-9A1E7A4F7556}") = "EasySplitFunctions", "EasySplitFunctions.csproj", "{C8EDE5F0-0137-43BC-95B6-74706F1661EB}"
EndProject
Global
	GlobalSection(SolutionConfigurationPlatforms) = preSolution
		Debug|Any CPU = Debug|Any CPU
		Release|Any CPU = Release|Any CPU
	EndGlobalSection
	GlobalSection(ProjectConfigurationPlatforms) = postSolution
		{C8EDE5F0-0137-43BC-95B6-74706F1661EB}.Debug|Any CPU.ActiveCfg = Debug|Any CPU
		{C8EDE5F0-0137-43BC-95B6-74706F1661EB}.Debug|Any CPU.Build.0 = Debug|Any CPU
		{C8EDE5F0-0137-43BC-95B6-74706F1661EB}.Release|Any CPU.ActiveCfg = Release|Any CPU
		{C8EDE5F0-0137-43BC-95B6-74706F1661EB}.Release|Any CPU.Build.0 = Release|Any CPU
	EndGlobalSection
	GlobalSection(SolutionProperties) = preSolution
		HideSolutionNode = FALSE
	EndGlobalSection
	GlobalSection(ExtensibilityGlobals) = postSolution
		SolutionGuid = {F14653CC-5708-4F4F-B5B2-562F6B3C6A48}
	EndGlobalSection
EndGlobal
